Microsoft Visual Studio Solution File, Format Version 12.00
# Visual Studio 2012
Project("{FAE04EC0-301F-11D3-BF4B-00C04F79EFBC}") = "Squeakerboxx", "Squeakerboxx.csproj", "{C49156A8-136C-4907-8579-F9AE3CF08FBE}"
EndProject
Global
	GlobalSection(SolutionConfigurationPlatforms) = preSolution
	Debug|Any CPU = Debug|Any CPU
	ExportDebug|Any CPU = ExportDebug|Any CPU
	ExportRelease|Any CPU = ExportRelease|Any CPU
	EndGlobalSection
	GlobalSection(ProjectConfigurationPlatforms) = postSolution
		{C49156A8-136C-4907-8579-F9AE3CF08FBE}.Debug|Any CPU.ActiveCfg = Debug|Any CPU
		{C49156A8-136C-4907-8579-F9AE3CF08FBE}.Debug|Any CPU.Build.0 = Debug|Any CPU
		{C49156A8-136C-4907-8579-F9AE3CF08FBE}.ExportDebug|Any CPU.ActiveCfg = ExportDebug|Any CPU
		{C49156A8-136C-4907-8579-F9AE3CF08FBE}.ExportDebug|Any CPU.Build.0 = ExportDebug|Any CPU
		{C49156A8-136C-4907-8579-F9AE3CF08FBE}.ExportRelease|Any CPU.ActiveCfg = ExportRelease|Any CPU
		{C49156A8-136C-4907-8579-F9AE3CF08FBE}.ExportRelease|Any CPU.Build.0 = ExportRelease|Any CPU
	EndGlobalSection
EndGlobal
